
Microsoft Visual Studio Solution File, Format Version 12.00
# Visual Studio Version 17
VisualStudioVersion = 17.9.34728.123
MinimumVisualStudioVersion = 10.0.40219.1
Project("{FAE04EC0-301F-11D3-BF4B-00C04F79EFBC}") = "registro", "registro\registro.csproj", "{D69D8E76-4791-4A46-9701-B7CC3513B7D7}"
EndProject
Global
	GlobalSection(SolutionConfigurationPlatforms) = preSolution
		Debug|Any CPU = Debug|Any CPU
		Release|Any CPU = Release|Any CPU
	EndGlobalSection
	GlobalSection(ProjectConfigurationPlatforms) = postSolution
		{D69D8E76-4791-4A46-9701-B7CC3513B7D7}.Debug|Any CPU.ActiveCfg = Debug|Any CPU
		{D69D8E76-4791-4A46-9701-B7CC3513B7D7}.Debug|Any CPU.Build.0 = Debug|Any CPU
		{D69D8E76-4791-4A46-9701-B7CC3513B7D7}.Release|Any CPU.ActiveCfg = Release|Any CPU
		{D69D8E76-4791-4A46-9701-B7CC3513B7D7}.Release|Any CPU.Build.0 = Release|Any CPU
	EndGlobalSection
	GlobalSection(SolutionProperties) = preSolution
		HideSolutionNode = FALSE
	EndGlobalSection
	GlobalSection(ExtensibilityGlobals) = postSolution
		SolutionGuid = {28C29698-8FC6-4835-8E00-4D4BD6B0F020}
	EndGlobalSection
EndGlobal
